{
  "requires": true,
  "lockfileVersion": 1,
  "dependencies": {
    "pspdfkit": {
      "version": "2019.5.0",
      "resolved": "https://registry.npmjs.org/pspdfkit/-/pspdfkit-2019.5.0.tgz",
      "integrity": "sha512-b7ZCC/2sVVK8pB8mXblnUoD69FvShL+/hOY3hCRrFE22SNQ7uqef/HIcFeUIHZLfOEFIcV1JLY8aJtp7XqPJmw=="
    }
  }
}
